Microsoft Visual Studio Solution File, Format Version 11.00
# Visual Studio 2008

Project("{F1A42BD4-1739-0FC6-3B03-0A519624607A}") = "Rotation", "Assembly-CSharp.csproj", "{D492DC7F-14F5-4771-FC2A-8F1A0FFC3BAE}"
EndProject
Global
	GlobalSection(SolutionConfigurationPlatforms) = preSolution
		Debug|Any CPU = Debug|Any CPU
		Release|Any CPU = Release|Any CPU
	EndGlobalSection
	GlobalSection(ProjectConfigurationPlatforms) = postSolution
		{D492DC7F-14F5-4771-FC2A-8F1A0FFC3BAE}.Debug|Any CPU.ActiveCfg = Debug|Any CPU
		{D492DC7F-14F5-4771-FC2A-8F1A0FFC3BAE}.Debug|Any CPU.Build.0 = Debug|Any CPU
		{D492DC7F-14F5-4771-FC2A-8F1A0FFC3BAE}.Release|Any CPU.ActiveCfg = Release|Any CPU
		{D492DC7F-14F5-4771-FC2A-8F1A0FFC3BAE}.Release|Any CPU.Build.0 = Release|Any CPU
	EndGlobalSection
	GlobalSection(SolutionProperties) = preSolution
		HideSolutionNode = FALSE
	EndGlobalSection
							GlobalSection(MonoDevelopProperties) = preSolution
		StartupItem = Assembly-CSharp.csproj
		Policies = $0
		$0.TextStylePolicy = $1
		$1.inheritsSet = null
		$1.scope = text/x-csharp
		$0.CSharpFormattingPolicy = $2
		$2.inheritsSet = Mono
		$2.inheritsScope = text/x-csharp
		$2.scope = text/x-csharp
		$0.TextStylePolicy = $3
		$3.FileWidth = 120
		$3.TabWidth = 4
		$3.IndentWidth = 4
		$3.EolMarker = Unix
		$3.inheritsSet = Mono
		$3.inheritsScope = text/plain
		$3.scope = text/plain
	EndGlobalSection

EndGlobal
